
Microsoft Visual Studio Solution File, Format Version 12.00
# Visual Studio Version 16
VisualStudioVersion = 16.0.30523.141
MinimumVisualStudioVersion = 10.0.40219.1
Project("{FAE04EC0-301F-11D3-BF4B-00C04F79EFBC}") = "ConsoleApp1ejercicios.net", "ConsoleApp1ejercicios.net\ConsoleApp1ejercicios.net.csproj", "{1978EB55-7C0C-49B9-95D9-B9C7C6B4C3ED}"
EndProject
Global
	GlobalSection(SolutionConfigurationPlatforms) = preSolution
		Debug|Any CPU = Debug|Any CPU
		Release|Any CPU = Release|Any CPU
	EndGlobalSection
	GlobalSection(ProjectConfigurationPlatforms) = postSolution
		{1978EB55-7C0C-49B9-95D9-B9C7C6B4C3ED}.Debug|Any CPU.ActiveCfg = Debug|Any CPU
		{1978EB55-7C0C-49B9-95D9-B9C7C6B4C3ED}.Debug|Any CPU.Build.0 = Debug|Any CPU
		{1978EB55-7C0C-49B9-95D9-B9C7C6B4C3ED}.Release|Any CPU.ActiveCfg = Release|Any CPU
		{1978EB55-7C0C-49B9-95D9-B9C7C6B4C3ED}.Release|Any CPU.Build.0 = Release|Any CPU
	EndGlobalSection
	GlobalSection(SolutionProperties) = preSolution
		HideSolutionNode = FALSE
	EndGlobalSection
	GlobalSection(ExtensibilityGlobals) = postSolution
		SolutionGuid = {894A2FAC-29F0-456C-8BF3-B4B68FAAB91A}
	EndGlobalSection
EndGlobal
